
Microsoft Visual Studio Solution File, Format Version 12.00
# Visual Studio Version 17
VisualStudioVersion = 17.3.32811.315
MinimumVisualStudioVersion = 10.0.40219.1
Project("{FAE04EC0-301F-11D3-BF4B-00C04F79EFBC}") = "BankManagement", "BankManagement\BankManagement.csproj", "{28839F1B-5D54-4D6F-A742-7B5DDD2661BF}"
EndProject
Global
	GlobalSection(SolutionConfigurationPlatforms) = preSolution
		Debug|Any CPU = Debug|Any CPU
		Release|Any CPU = Release|Any CPU
	EndGlobalSection
	GlobalSection(ProjectConfigurationPlatforms) = postSolution
		{28839F1B-5D54-4D6F-A742-7B5DDD2661BF}.Debug|Any CPU.ActiveCfg = Debug|Any CPU
		{28839F1B-5D54-4D6F-A742-7B5DDD2661BF}.Debug|Any CPU.Build.0 = Debug|Any CPU
		{28839F1B-5D54-4D6F-A742-7B5DDD2661BF}.Release|Any CPU.ActiveCfg = Release|Any CPU
		{28839F1B-5D54-4D6F-A742-7B5DDD2661BF}.Release|Any CPU.Build.0 = Release|Any CPU
	EndGlobalSection
	GlobalSection(SolutionProperties) = preSolution
		HideSolutionNode = FALSE
	EndGlobalSection
	GlobalSection(ExtensibilityGlobals) = postSolution
		SolutionGuid = {00792DBA-AE9F-4BB1-AED4-211A576A8262}
	EndGlobalSection
EndGlobal
